# This file is automatically @generated by Cargo.
# It is not intended for manual editing.
version = 4

[[package]]
name = "sqipe"
version = "0.1.0"

[[package]]
name = "sqipe-bigquery"
version = "0.1.0"
dependencies = [
 "sqipe",
]

[[package]]
name = "sqipe-mysql"
version = "0.1.0"
dependencies = [
 "sqipe",
]

[[package]]
name = "sqipe-postgresql"
version = "0.1.0"
dependencies = [
 "sqipe",
]
